
Microsoft Visual Studio Solution File, Format Version 12.00
# Visual Studio Version 16
VisualStudioVersion = 16.0.28922.388
MinimumVisualStudioVersion = 10.0.40219.1
Project("{FAE04EC0-301F-11D3-BF4B-00C04F79EFBC}") = "FirstVar", "FirstVar\FirstVar.csproj", "{DE5F320C-1028-418C-88B0-405C811FD5C4}"
EndProject
Global
	GlobalSection(SolutionConfigurationPlatforms) = preSolution
		Debug|Any CPU = Debug|Any CPU
		Release|Any CPU = Release|Any CPU
	EndGlobalSection
	GlobalSection(ProjectConfigurationPlatforms) = postSolution
		{DE5F320C-1028-418C-88B0-405C811FD5C4}.Debug|Any CPU.ActiveCfg = Debug|Any CPU
		{DE5F320C-1028-418C-88B0-405C811FD5C4}.Debug|Any CPU.Build.0 = Debug|Any CPU
		{DE5F320C-1028-418C-88B0-405C811FD5C4}.Release|Any CPU.ActiveCfg = Release|Any CPU
		{DE5F320C-1028-418C-88B0-405C811FD5C4}.Release|Any CPU.Build.0 = Release|Any CPU
	EndGlobalSection
	GlobalSection(SolutionProperties) = preSolution
		HideSolutionNode = FALSE
	EndGlobalSection
	GlobalSection(ExtensibilityGlobals) = postSolution
		SolutionGuid = {8B4495DE-1826-41D4-815D-B77C141F33D0}
	EndGlobalSection
EndGlobal
